
Microsoft Visual Studio Solution File, Format Version 12.00
# Visual Studio Version 17
VisualStudioVersion = 17.7.33711.374
MinimumVisualStudioVersion = 10.0.40219.1
Project("{FAE04EC0-301F-11D3-BF4B-00C04F79EFBC}") = "Demos2", "Demos2.csproj", "{EF052BEE-264E-4788-A496-0742D0A59A92}"
EndProject
Global
	GlobalSection(SolutionConfigurationPlatforms) = preSolution
		Debug|Any CPU = Debug|Any CPU
		Release|Any CPU = Release|Any CPU
	EndGlobalSection
	GlobalSection(ProjectConfigurationPlatforms) = postSolution
		{EF052BEE-264E-4788-A496-0742D0A59A92}.Debug|Any CPU.ActiveCfg = Debug|Any CPU
		{EF052BEE-264E-4788-A496-0742D0A59A92}.Debug|Any CPU.Build.0 = Debug|Any CPU
		{EF052BEE-264E-4788-A496-0742D0A59A92}.Release|Any CPU.ActiveCfg = Release|Any CPU
		{EF052BEE-264E-4788-A496-0742D0A59A92}.Release|Any CPU.Build.0 = Release|Any CPU
	EndGlobalSection
	GlobalSection(SolutionProperties) = preSolution
		HideSolutionNode = FALSE
	EndGlobalSection
	GlobalSection(ExtensibilityGlobals) = postSolution
		SolutionGuid = {4E951C03-9C67-4112-906C-104F13E254C7}
	EndGlobalSection
EndGlobal
